
Microsoft Visual Studio Solution File, Format Version 12.00
# Visual Studio Version 17
VisualStudioVersion = 17.5.33516.290
MinimumVisualStudioVersion = 10.0.40219.1
Project("{8BC9CEB8-8B4A-11D0-8D11-00A0C91BC942}") = "PG2_評価課題STGのクラス化", "PG2_評価課題STGのクラス化.vcxproj", "{2C19EF44-2A93-49CC-943B-04B291AD5ECD}"
EndProject
Global
	GlobalSection(SolutionConfigurationPlatforms) = preSolution
		Debug|x64 = Debug|x64
		Release|x64 = Release|x64
	EndGlobalSection
	GlobalSection(ProjectConfigurationPlatforms) = postSolution
		{2C19EF44-2A93-49CC-943B-04B291AD5ECD}.Debug|x64.ActiveCfg = Debug|x64
		{2C19EF44-2A93-49CC-943B-04B291AD5ECD}.Debug|x64.Build.0 = Debug|x64
		{2C19EF44-2A93-49CC-943B-04B291AD5ECD}.Release|x64.ActiveCfg = Release|x64
		{2C19EF44-2A93-49CC-943B-04B291AD5ECD}.Release|x64.Build.0 = Release|x64
	EndGlobalSection
	GlobalSection(SolutionProperties) = preSolution
		HideSolutionNode = FALSE
	EndGlobalSection
	GlobalSection(ExtensibilityGlobals) = postSolution
		SolutionGuid = {7CB46582-848A-4580-9311-654825E0348A}
	EndGlobalSection
EndGlobal
